
Microsoft Visual Studio Solution File, Format Version 12.00
# Visual Studio 15
VisualStudioVersion = 15.0.28010.2016
MinimumVisualStudioVersion = 10.0.40219.1
Project("{9A19103F-16F7-4668-BE54-9A1E7A4F7556}") = "NestedFoorLoops", "NestedFoorLoops\NestedFoorLoops.csproj", "{A0F037EA-E878-40AA-86E8-518591C0607A}"
EndProject
Project("{9A19103F-16F7-4668-BE54-9A1E7A4F7556}") = "3ForLoopsAndWhile", "3ForLoopsAndWhile\3ForLoopsAndWhile.csproj", "{097C96BA-E497-4FE9-B0A3-BBB9489C7A0F}"
EndProject
Project("{9A19103F-16F7-4668-BE54-9A1E7A4F7556}") = "Building", "Building\Building.csproj", "{D15BABE8-3CD7-468F-8FDA-75BF6B84AB20}"
EndProject
Project("{9A19103F-16F7-4668-BE54-9A1E7A4F7556}") = "numFromNto1", "numFromNto1\numFromNto1.csproj", "{C2C692A5-AEAE-4D9F-9FCE-9E2F76BCC119}"
EndProject
Project("{9A19103F-16F7-4668-BE54-9A1E7A4F7556}") = "numFrom1toN", "numFrom1toN\numFrom1toN.csproj", "{5C90B4CC-2F7D-4D63-B98B-E7F36B8AB7AE}"
EndProject
Project("{9A19103F-16F7-4668-BE54-9A1E7A4F7556}") = "OddPowerOf2", "OddPowerOf2\OddPowerOf2.csproj", "{90EAFF7D-16B2-4921-8B6E-A341A5C33352}"
EndProject
Project("{9A19103F-16F7-4668-BE54-9A1E7A4F7556}") = "Nested", "Nested\Nested.csproj", "{4A3F3160-6DB5-4A21-9E3A-4DC5FC37C516}"
EndProject
Project("{9A19103F-16F7-4668-BE54-9A1E7A4F7556}") = "ConsoleApp1", "ConsoleApp1\ConsoleApp1.csproj", "{41D4DBD7-C798-4664-AD31-9C17717EE731}"
EndProject
Project("{9A19103F-16F7-4668-BE54-9A1E7A4F7556}") = "matrix", "matric\matrix.csproj", "{9E0FFAEC-DE22-4681-99C5-F3B9373F77CC}"
EndProject
Project("{9A19103F-16F7-4668-BE54-9A1E7A4F7556}") = "PiramidOfNumbers", "PiramidOfNumbers\PiramidOfNumbers.csproj", "{1B27182D-940F-462D-B25E-6CB6286A6402}"
EndProject
Project("{9A19103F-16F7-4668-BE54-9A1E7A4F7556}") = "PalindromeAToZ", "Palindrome\PalindromeAToZ.csproj", "{F55BAC6C-BA44-4D61-B9EE-51A4AA589209}"
EndProject
Project("{9A19103F-16F7-4668-BE54-9A1E7A4F7556}") = "PalindromeNumber", "PalindromeNumber\PalindromeNumber.csproj", "{19DCC0F2-A430-422A-A0A5-9939934E7185}"
EndProject
Project("{9A19103F-16F7-4668-BE54-9A1E7A4F7556}") = "PalindromeNums", "PalindromeNums\PalindromeNums.csproj", "{9221837B-22DD-4ABC-AE9E-C606972B773E}"
EndProject
Project("{9A19103F-16F7-4668-BE54-9A1E7A4F7556}") = "Sli", "Sli\Sli.csproj", "{BF63D953-3C8B-4E72-AB98-079AFA2D8A0C}"
EndProject
Project("{9A19103F-16F7-4668-BE54-9A1E7A4F7556}") = "numsFromNTo1", "numsFromNTo1\numsFromNTo1.csproj", "{8010941D-8950-4DE4-87C3-3D72F32BF6BE}"
EndProject
Project("{9A19103F-16F7-4668-BE54-9A1E7A4F7556}") = "Numbers1NwithStep 3", "Numbers1NwithStep 3\Numbers1NwithStep 3.csproj", "{D3D20243-1EC9-44E2-914D-DB29E8992F80}"
EndProject
Project("{9A19103F-16F7-4668-BE54-9A1E7A4F7556}") = "EvenPowersOf2", "EvenPowersOf2\EvenPowersOf2.csproj", "{F5DFAB52-E5AC-47A9-8377-8422455BEE90}"
EndProject
Project("{9A19103F-16F7-4668-BE54-9A1E7A4F7556}") = "CookieFactory", "CookieFactory\CookieFactory.csproj", "{1B3A7FC7-305E-4912-AF14-804AEF7B2318}"
EndProject
Project("{9A19103F-16F7-4668-BE54-9A1E7A4F7556}") = "folderReading", "temp\folderReading.csproj", "{B41054FB-B760-45B7-B7C7-95CDE6454E81}"
EndProject
Project("{9A19103F-16F7-4668-BE54-9A1E7A4F7556}") = "BuildingLab", "BuildingLab\BuildingLab.csproj", "{F771F53C-8690-45DF-9457-6C2A2D1B2C73}"
EndProject
Project("{9A19103F-16F7-4668-BE54-9A1E7A4F7556}") = "Combination", "Combination\Combination.csproj", "{A0B0421C-F2F4-440C-87FF-9E6E69B2D3E6}"
EndProject
Project("{9A19103F-16F7-4668-BE54-9A1E7A4F7556}") = "Travelling", "Travelling\Travelling.csproj", "{3B379C3A-3D90-4067-8DAF-01C50F1DEEA3}"
EndProject
Project("{9A19103F-16F7-4668-BE54-9A1E7A4F7556}") = "MatrixLab", "MatrixLab\MatrixLab.csproj", "{08DC5299-A650-455B-9690-7EC74A6ACE00}"
EndProject
Project("{9A19103F-16F7-4668-BE54-9A1E7A4F7556}") = "NumberPyramid", "NumberPyramid\NumberPyramid.csproj", "{DF72590A-5422-46FF-8E43-7C314F935140}"
EndProject
Project("{9A19103F-16F7-4668-BE54-9A1E7A4F7556}") = "NumberTable", "NumberTable\NumberTable.csproj", "{F0326B9B-530E-4383-9D32-CE11E2ECF19E}"
EndProject
Project("{9A19103F-16F7-4668-BE54-9A1E7A4F7556}") = "Coding", "Coding\Coding.csproj", "{AFDAE37F-1473-406A-BB4C-D78207368702}"
EndProject
Project("{9A19103F-16F7-4668-BE54-9A1E7A4F7556}") = "SpecialNumbers", "SpecialNumbers\SpecialNumbers.csproj", "{60903DF4-E58F-470C-B784-13E0FC82F10F}"
EndProject
Project("{9A19103F-16F7-4668-BE54-9A1E7A4F7556}") = "ShoppingManiac", "ShoppingManiac\ShoppingManiac.csproj", "{05623DDD-538C-48B6-BD59-ED2E0363988A}"
EndProject
Project("{9A19103F-16F7-4668-BE54-9A1E7A4F7556}") = "StupidPasswordGenerator", "StupidPasswordGenerator\StupidPasswordGenerator.csproj", "{DBF6D93C-AEC4-4DF8-9A1D-81D66429CDC1}"
EndProject
Project("{9A19103F-16F7-4668-BE54-9A1E7A4F7556}") = "PartyInvitation", "PartyInvitation\PartyInvitation.csproj", "{6C242C87-D75C-4B53-8E3C-A8FF9D262A3F}"
EndProject
Project("{9A19103F-16F7-4668-BE54-9A1E7A4F7556}") = "Fishing", "Fishing\Fishing.csproj", "{D90C9898-51B0-4CD5-9F27-FCCC9D4FCC12}"
EndProject
Project("{9A19103F-16F7-4668-BE54-9A1E7A4F7556}") = "TrainTheTrainers", "TrainTheTrainers\TrainTheTrainers.csproj", "{A36E21A5-AA7E-4143-BF0D-50A9D0F49FB2}"
EndProject
Project("{9A19103F-16F7-4668-BE54-9A1E7A4F7556}") = "NameWars", "NameWars\NameWars.csproj", "{418DB998-779B-433E-B449-6863C0FD8FD4}"
EndProject
Project("{9A19103F-16F7-4668-BE54-9A1E7A4F7556}") = "MagicNumbers", "MagicNumbers\MagicNumbers.csproj", "{A9FB2B16-68F6-4002-B9E7-125842520748}"
EndProject
Project("{9A19103F-16F7-4668-BE54-9A1E7A4F7556}") = "SumPrimeNonPrime", "SumPrimeNonPrime\SumPrimeNonPrime.csproj", "{DF08FF36-A9EC-4F9E-8954-3D36F4B22494}"
EndProject
Project("{9A19103F-16F7-4668-BE54-9A1E7A4F7556}") = "EqualSumsEvenOddPosition", "EqualSumsEvenOddPosition\EqualSumsEvenOddPosition.csproj", "{EF28417C-9197-4E58-AD0E-892C8B5E63D4}"
EndProject
Project("{9A19103F-16F7-4668-BE54-9A1E7A4F7556}") = "EqualSumsLeftRightPosition", "EqualSumsLeftRightPosition\EqualSumsLeftRightPosition.csproj", "{D97731E0-29F4-4369-A184-2FBA828DCFBF}"
EndProject
Project("{9A19103F-16F7-4668-BE54-9A1E7A4F7556}") = "BuildingThirdTime", "BuildingThirdTime\BuildingThirdTime.csproj", "{FFD8794B-B8D2-4168-8F53-253F15777B82}"
EndProject
Project("{9A19103F-16F7-4668-BE54-9A1E7A4F7556}") = "PiraMid", "PiraMid\PiraMid.csproj", "{853C8B62-89D7-4A6D-AF0B-49E57C96360D}"
EndProject
Project("{9A19103F-16F7-4668-BE54-9A1E7A4F7556}") = "Hogswatch", "Hogswatch\Hogswatch.csproj", "{5555BEFD-2FE4-4B66-9D70-37D138897442}"
EndProject
Project("{FAE04EC0-301F-11D3-BF4B-00C04F79EFBC}") = "Coding2", "Coding2\Coding2.csproj", "{0023B3C6-58F2-41DA-BF9B-B10E27805E4E}"
EndProject
Global
	GlobalSection(SolutionConfigurationPlatforms) = preSolution
		Debug|Any CPU = Debug|Any CPU
		Release|Any CPU = Release|Any CPU
	EndGlobalSection
	GlobalSection(ProjectConfigurationPlatforms) = postSolution
		{A0F037EA-E878-40AA-86E8-518591C0607A}.Debug|Any CPU.ActiveCfg = Debug|Any CPU
		{A0F037EA-E878-40AA-86E8-518591C0607A}.Debug|Any CPU.Build.0 = Debug|Any CPU
		{A0F037EA-E878-40AA-86E8-518591C0607A}.Release|Any CPU.ActiveCfg = Release|Any CPU
		{A0F037EA-E878-40AA-86E8-518591C0607A}.Release|Any CPU.Build.0 = Release|Any CPU
		{097C96BA-E497-4FE9-B0A3-BBB9489C7A0F}.Debug|Any CPU.ActiveCfg = Debug|Any CPU
		{097C96BA-E497-4FE9-B0A3-BBB9489C7A0F}.Debug|Any CPU.Build.0 = Debug|Any CPU
		{097C96BA-E497-4FE9-B0A3-BBB9489C7A0F}.Release|Any CPU.ActiveCfg = Release|Any CPU
		{097C96BA-E497-4FE9-B0A3-BBB9489C7A0F}.Release|Any CPU.Build.0 = Release|Any CPU
		{D15BABE8-3CD7-468F-8FDA-75BF6B84AB20}.Debug|Any CPU.ActiveCfg = Debug|Any CPU
		{D15BABE8-3CD7-468F-8FDA-75BF6B84AB20}.Debug|Any CPU.Build.0 = Debug|Any CPU
		{D15BABE8-3CD7-468F-8FDA-75BF6B84AB20}.Release|Any CPU.ActiveCfg = Release|Any CPU
		{D15BABE8-3CD7-468F-8FDA-75BF6B84AB20}.Release|Any CPU.Build.0 = Release|Any CPU
		{C2C692A5-AEAE-4D9F-9FCE-9E2F76BCC119}.Debug|Any CPU.ActiveCfg = Debug|Any CPU
		{C2C692A5-AEAE-4D9F-9FCE-9E2F76BCC119}.Debug|Any CPU.Build.0 = Debug|Any CPU
		{C2C692A5-AEAE-4D9F-9FCE-9E2F76BCC119}.Release|Any CPU.ActiveCfg = Release|Any CPU
		{C2C692A5-AEAE-4D9F-9FCE-9E2F76BCC119}.Release|Any CPU.Build.0 = Release|Any CPU
		{5C90B4CC-2F7D-4D63-B98B-E7F36B8AB7AE}.Debug|Any CPU.ActiveCfg = Debug|Any CPU
		{5C90B4CC-2F7D-4D63-B98B-E7F36B8AB7AE}.Debug|Any CPU.Build.0 = Debug|Any CPU
		{5C90B4CC-2F7D-4D63-B98B-E7F36B8AB7AE}.Release|Any CPU.ActiveCfg = Release|Any CPU
		{5C90B4CC-2F7D-4D63-B98B-E7F36B8AB7AE}.Release|Any CPU.Build.0 = Release|Any CPU
		{90EAFF7D-16B2-4921-8B6E-A341A5C33352}.Debug|Any CPU.ActiveCfg = Debug|Any CPU
		{90EAFF7D-16B2-4921-8B6E-A341A5C33352}.Debug|Any CPU.Build.0 = Debug|Any CPU
		{90EAFF7D-16B2-4921-8B6E-A341A5C33352}.Release|Any CPU.ActiveCfg = Release|Any CPU
		{90EAFF7D-16B2-4921-8B6E-A341A5C33352}.Release|Any CPU.Build.0 = Release|Any CPU
		{4A3F3160-6DB5-4A21-9E3A-4DC5FC37C516}.Debug|Any CPU.ActiveCfg = Debug|Any CPU
		{4A3F3160-6DB5-4A21-9E3A-4DC5FC37C516}.Debug|Any CPU.Build.0 = Debug|Any CPU
		{4A3F3160-6DB5-4A21-9E3A-4DC5FC37C516}.Release|Any CPU.ActiveCfg = Release|Any CPU
		{4A3F3160-6DB5-4A21-9E3A-4DC5FC37C516}.Release|Any CPU.Build.0 = Release|Any CPU
		{41D4DBD7-C798-4664-AD31-9C17717EE731}.Debug|Any CPU.ActiveCfg = Debug|Any CPU
		{41D4DBD7-C798-4664-AD31-9C17717EE731}.Debug|Any CPU.Build.0 = Debug|Any CPU
		{41D4DBD7-C798-4664-AD31-9C17717EE731}.Release|Any CPU.ActiveCfg = Release|Any CPU
		{41D4DBD7-C798-4664-AD31-9C17717EE731}.Release|Any CPU.Build.0 = Release|Any CPU
		{9E0FFAEC-DE22-4681-99C5-F3B9373F77CC}.Debug|Any CPU.ActiveCfg = Debug|Any CPU
		{9E0FFAEC-DE22-4681-99C5-F3B9373F77CC}.Debug|Any CPU.Build.0 = Debug|Any CPU
		{9E0FFAEC-DE22-4681-99C5-F3B9373F77CC}.Release|Any CPU.ActiveCfg = Release|Any CPU
		{9E0FFAEC-DE22-4681-99C5-F3B9373F77CC}.Release|Any CPU.Build.0 = Release|Any CPU
		{1B27182D-940F-462D-B25E-6CB6286A6402}.Debug|Any CPU.ActiveCfg = Debug|Any CPU
		{1B27182D-940F-462D-B25E-6CB6286A6402}.Debug|Any CPU.Build.0 = Debug|Any CPU
		{1B27182D-940F-462D-B25E-6CB6286A6402}.Release|Any CPU.ActiveCfg = Release|Any CPU
		{1B27182D-940F-462D-B25E-6CB6286A6402}.Release|Any CPU.Build.0 = Release|Any CPU
		{F55BAC6C-BA44-4D61-B9EE-51A4AA589209}.Debug|Any CPU.ActiveCfg = Debug|Any CPU
		{F55BAC6C-BA44-4D61-B9EE-51A4AA589209}.Debug|Any CPU.Build.0 = Debug|Any CPU
		{F55BAC6C-BA44-4D61-B9EE-51A4AA589209}.Release|Any CPU.ActiveCfg = Release|Any CPU
		{F55BAC6C-BA44-4D61-B9EE-51A4AA589209}.Release|Any CPU.Build.0 = Release|Any CPU
		{19DCC0F2-A430-422A-A0A5-9939934E7185}.Debug|Any CPU.ActiveCfg = Debug|Any CPU
		{19DCC0F2-A430-422A-A0A5-9939934E7185}.Debug|Any CPU.Build.0 = Debug|Any CPU
		{19DCC0F2-A430-422A-A0A5-9939934E7185}.Release|Any CPU.ActiveCfg = Release|Any CPU
		{19DCC0F2-A430-422A-A0A5-9939934E7185}.Release|Any CPU.Build.0 = Release|Any CPU
		{9221837B-22DD-4ABC-AE9E-C606972B773E}.Debug|Any CPU.ActiveCfg = Debug|Any CPU
		{9221837B-22DD-4ABC-AE9E-C606972B773E}.Debug|Any CPU.Build.0 = Debug|Any CPU
		{9221837B-22DD-4ABC-AE9E-C606972B773E}.Release|Any CPU.ActiveCfg = Release|Any CPU
		{9221837B-22DD-4ABC-AE9E-C606972B773E}.Release|Any CPU.Build.0 = Release|Any CPU
		{BF63D953-3C8B-4E72-AB98-079AFA2D8A0C}.Debug|Any CPU.ActiveCfg = Debug|Any CPU
		{BF63D953-3C8B-4E72-AB98-079AFA2D8A0C}.Debug|Any CPU.Build.0 = Debug|Any CPU
		{BF63D953-3C8B-4E72-AB98-079AFA2D8A0C}.Release|Any CPU.ActiveCfg = Release|Any CPU
		{BF63D953-3C8B-4E72-AB98-079AFA2D8A0C}.Release|Any CPU.Build.0 = Release|Any CPU
		{8010941D-8950-4DE4-87C3-3D72F32BF6BE}.Debug|Any CPU.ActiveCfg = Debug|Any CPU
		{8010941D-8950-4DE4-87C3-3D72F32BF6BE}.Debug|Any CPU.Build.0 = Debug|Any CPU
		{8010941D-8950-4DE4-87C3-3D72F32BF6BE}.Release|Any CPU.ActiveCfg = Release|Any CPU
		{8010941D-8950-4DE4-87C3-3D72F32BF6BE}.Release|Any CPU.Build.0 = Release|Any CPU
		{D3D20243-1EC9-44E2-914D-DB29E8992F80}.Debug|Any CPU.ActiveCfg = Debug|Any CPU
		{D3D20243-1EC9-44E2-914D-DB29E8992F80}.Debug|Any CPU.Build.0 = Debug|Any CPU
		{D3D20243-1EC9-44E2-914D-DB29E8992F80}.Release|Any CPU.ActiveCfg = Release|Any CPU
		{D3D20243-1EC9-44E2-914D-DB29E8992F80}.Release|Any CPU.Build.0 = Release|Any CPU
		{F5DFAB52-E5AC-47A9-8377-8422455BEE90}.Debug|Any CPU.ActiveCfg = Debug|Any CPU
		{F5DFAB52-E5AC-47A9-8377-8422455BEE90}.Debug|Any CPU.Build.0 = Debug|Any CPU
		{F5DFAB52-E5AC-47A9-8377-8422455BEE90}.Release|Any CPU.ActiveCfg = Release|Any CPU
		{F5DFAB52-E5AC-47A9-8377-8422455BEE90}.Release|Any CPU.Build.0 = Release|Any CPU
		{1B3A7FC7-305E-4912-AF14-804AEF7B2318}.Debug|Any CPU.ActiveCfg = Debug|Any CPU
		{1B3A7FC7-305E-4912-AF14-804AEF7B2318}.Debug|Any CPU.Build.0 = Debug|Any CPU
		{1B3A7FC7-305E-4912-AF14-804AEF7B2318}.Release|Any CPU.ActiveCfg = Release|Any CPU
		{1B3A7FC7-305E-4912-AF14-804AEF7B2318}.Release|Any CPU.Build.0 = Release|Any CPU
		{B41054FB-B760-45B7-B7C7-95CDE6454E81}.Debug|Any CPU.ActiveCfg = Debug|Any CPU
		{B41054FB-B760-45B7-B7C7-95CDE6454E81}.Debug|Any CPU.Build.0 = Debug|Any CPU
		{B41054FB-B760-45B7-B7C7-95CDE6454E81}.Release|Any CPU.ActiveCfg = Release|Any CPU
		{B41054FB-B760-45B7-B7C7-95CDE6454E81}.Release|Any CPU.Build.0 = Release|Any CPU
		{F771F53C-8690-45DF-9457-6C2A2D1B2C73}.Debug|Any CPU.ActiveCfg = Debug|Any CPU
		{F771F53C-8690-45DF-9457-6C2A2D1B2C73}.Debug|Any CPU.Build.0 = Debug|Any CPU
		{F771F53C-8690-45DF-9457-6C2A2D1B2C73}.Release|Any CPU.ActiveCfg = Release|Any CPU
		{F771F53C-8690-45DF-9457-6C2A2D1B2C73}.Release|Any CPU.Build.0 = Release|Any CPU
		{A0B0421C-F2F4-440C-87FF-9E6E69B2D3E6}.Debug|Any CPU.ActiveCfg = Debug|Any CPU
		{A0B0421C-F2F4-440C-87FF-9E6E69B2D3E6}.Debug|Any CPU.Build.0 = Debug|Any CPU
		{A0B0421C-F2F4-440C-87FF-9E6E69B2D3E6}.Release|Any CPU.ActiveCfg = Release|Any CPU
		{A0B0421C-F2F4-440C-87FF-9E6E69B2D3E6}.Release|Any CPU.Build.0 = Release|Any CPU
		{3B379C3A-3D90-4067-8DAF-01C50F1DEEA3}.Debug|Any CPU.ActiveCfg = Debug|Any CPU
		{3B379C3A-3D90-4067-8DAF-01C50F1DEEA3}.Debug|Any CPU.Build.0 = Debug|Any CPU
		{3B379C3A-3D90-4067-8DAF-01C50F1DEEA3}.Release|Any CPU.ActiveCfg = Release|Any CPU
		{3B379C3A-3D90-4067-8DAF-01C50F1DEEA3}.Release|Any CPU.Build.0 = Release|Any CPU
		{08DC5299-A650-455B-9690-7EC74A6ACE00}.Debug|Any CPU.ActiveCfg = Debug|Any CPU
		{08DC5299-A650-455B-9690-7EC74A6ACE00}.Debug|Any CPU.Build.0 = Debug|Any CPU
		{08DC5299-A650-455B-9690-7EC74A6ACE00}.Release|Any CPU.ActiveCfg = Release|Any CPU
		{08DC5299-A650-455B-9690-7EC74A6ACE00}.Release|Any CPU.Build.0 = Release|Any CPU
		{DF72590A-5422-46FF-8E43-7C314F935140}.Debug|Any CPU.ActiveCfg = Debug|Any CPU
		{DF72590A-5422-46FF-8E43-7C314F935140}.Debug|Any CPU.Build.0 = Debug|Any CPU
		{DF72590A-5422-46FF-8E43-7C314F935140}.Release|Any CPU.ActiveCfg = Release|Any CPU
		{DF72590A-5422-46FF-8E43-7C314F935140}.Release|Any CPU.Build.0 = Release|Any CPU
		{F0326B9B-530E-4383-9D32-CE11E2ECF19E}.Debug|Any CPU.ActiveCfg = Debug|Any CPU
		{F0326B9B-530E-4383-9D32-CE11E2ECF19E}.Debug|Any CPU.Build.0 = Debug|Any CPU
		{F0326B9B-530E-4383-9D32-CE11E2ECF19E}.Release|Any CPU.ActiveCfg = Release|Any CPU
		{F0326B9B-530E-4383-9D32-CE11E2ECF19E}.Release|Any CPU.Build.0 = Release|Any CPU
		{AFDAE37F-1473-406A-BB4C-D78207368702}.Debug|Any CPU.ActiveCfg = Debug|Any CPU
		{AFDAE37F-1473-406A-BB4C-D78207368702}.Debug|Any CPU.Build.0 = Debug|Any CPU
		{AFDAE37F-1473-406A-BB4C-D78207368702}.Release|Any CPU.ActiveCfg = Release|Any CPU
		{AFDAE37F-1473-406A-BB4C-D78207368702}.Release|Any CPU.Build.0 = Release|Any CPU
		{60903DF4-E58F-470C-B784-13E0FC82F10F}.Debug|Any CPU.ActiveCfg = Debug|Any CPU
		{60903DF4-E58F-470C-B784-13E0FC82F10F}.Debug|Any CPU.Build.0 = Debug|Any CPU
		{60903DF4-E58F-470C-B784-13E0FC82F10F}.Release|Any CPU.ActiveCfg = Release|Any CPU
		{60903DF4-E58F-470C-B784-13E0FC82F10F}.Release|Any CPU.Build.0 = Release|Any CPU
		{05623DDD-538C-48B6-BD59-ED2E0363988A}.Debug|Any CPU.ActiveCfg = Debug|Any CPU
		{05623DDD-538C-48B6-BD59-ED2E0363988A}.Debug|Any CPU.Build.0 = Debug|Any CPU
		{05623DDD-538C-48B6-BD59-ED2E0363988A}.Release|Any CPU.ActiveCfg = Release|Any CPU
		{05623DDD-538C-48B6-BD59-ED2E0363988A}.Release|Any CPU.Build.0 = Release|Any CPU
		{DBF6D93C-AEC4-4DF8-9A1D-81D66429CDC1}.Debug|Any CPU.ActiveCfg = Debug|Any CPU
		{DBF6D93C-AEC4-4DF8-9A1D-81D66429CDC1}.Debug|Any CPU.Build.0 = Debug|Any CPU
		{DBF6D93C-AEC4-4DF8-9A1D-81D66429CDC1}.Release|Any CPU.ActiveCfg = Release|Any CPU
		{DBF6D93C-AEC4-4DF8-9A1D-81D66429CDC1}.Release|Any CPU.Build.0 = Release|Any CPU
		{6C242C87-D75C-4B53-8E3C-A8FF9D262A3F}.Debug|Any CPU.ActiveCfg = Debug|Any CPU
		{6C242C87-D75C-4B53-8E3C-A8FF9D262A3F}.Debug|Any CPU.Build.0 = Debug|Any CPU
		{6C242C87-D75C-4B53-8E3C-A8FF9D262A3F}.Release|Any CPU.ActiveCfg = Release|Any CPU
		{6C242C87-D75C-4B53-8E3C-A8FF9D262A3F}.Release|Any CPU.Build.0 = Release|Any CPU
		{D90C9898-51B0-4CD5-9F27-FCCC9D4FCC12}.Debug|Any CPU.ActiveCfg = Debug|Any CPU
		{D90C9898-51B0-4CD5-9F27-FCCC9D4FCC12}.Debug|Any CPU.Build.0 = Debug|Any CPU
		{D90C9898-51B0-4CD5-9F27-FCCC9D4FCC12}.Release|Any CPU.ActiveCfg = Release|Any CPU
		{D90C9898-51B0-4CD5-9F27-FCCC9D4FCC12}.Release|Any CPU.Build.0 = Release|Any CPU
		{A36E21A5-AA7E-4143-BF0D-50A9D0F49FB2}.Debug|Any CPU.ActiveCfg = Debug|Any CPU
		{A36E21A5-AA7E-4143-BF0D-50A9D0F49FB2}.Debug|Any CPU.Build.0 = Debug|Any CPU
		{A36E21A5-AA7E-4143-BF0D-50A9D0F49FB2}.Release|Any CPU.ActiveCfg = Release|Any CPU
		{A36E21A5-AA7E-4143-BF0D-50A9D0F49FB2}.Release|Any CPU.Build.0 = Release|Any CPU
		{418DB998-779B-433E-B449-6863C0FD8FD4}.Debug|Any CPU.ActiveCfg = Debug|Any CPU
		{418DB998-779B-433E-B449-6863C0FD8FD4}.Debug|Any CPU.Build.0 = Debug|Any CPU
		{418DB998-779B-433E-B449-6863C0FD8FD4}.Release|Any CPU.ActiveCfg = Release|Any CPU
		{418DB998-779B-433E-B449-6863C0FD8FD4}.Release|Any CPU.Build.0 = Release|Any CPU
		{A9FB2B16-68F6-4002-B9E7-125842520748}.Debug|Any CPU.ActiveCfg = Debug|Any CPU
		{A9FB2B16-68F6-4002-B9E7-125842520748}.Debug|Any CPU.Build.0 = Debug|Any CPU
		{A9FB2B16-68F6-4002-B9E7-125842520748}.Release|Any CPU.ActiveCfg = Release|Any CPU
		{A9FB2B16-68F6-4002-B9E7-125842520748}.Release|Any CPU.Build.0 = Release|Any CPU
		{DF08FF36-A9EC-4F9E-8954-3D36F4B22494}.Debug|Any CPU.ActiveCfg = Debug|Any CPU
		{DF08FF36-A9EC-4F9E-8954-3D36F4B22494}.Debug|Any CPU.Build.0 = Debug|Any CPU
		{DF08FF36-A9EC-4F9E-8954-3D36F4B22494}.Release|Any CPU.ActiveCfg = Release|Any CPU
		{DF08FF36-A9EC-4F9E-8954-3D36F4B22494}.Release|Any CPU.Build.0 = Release|Any CPU
		{EF28417C-9197-4E58-AD0E-892C8B5E63D4}.Debug|Any CPU.ActiveCfg = Debug|Any CPU
		{EF28417C-9197-4E58-AD0E-892C8B5E63D4}.Debug|Any CPU.Build.0 = Debug|Any CPU
		{EF28417C-9197-4E58-AD0E-892C8B5E63D4}.Release|Any CPU.ActiveCfg = Release|Any CPU
		{EF28417C-9197-4E58-AD0E-892C8B5E63D4}.Release|Any CPU.Build.0 = Release|Any CPU
		{D97731E0-29F4-4369-A184-2FBA828DCFBF}.Debug|Any CPU.ActiveCfg = Debug|Any CPU
		{D97731E0-29F4-4369-A184-2FBA828DCFBF}.Debug|Any CPU.Build.0 = Debug|Any CPU
		{D97731E0-29F4-4369-A184-2FBA828DCFBF}.Release|Any CPU.ActiveCfg = Release|Any CPU
		{D97731E0-29F4-4369-A184-2FBA828DCFBF}.Release|Any CPU.Build.0 = Release|Any CPU
		{FFD8794B-B8D2-4168-8F53-253F15777B82}.Debug|Any CPU.ActiveCfg = Debug|Any CPU
		{FFD8794B-B8D2-4168-8F53-253F15777B82}.Debug|Any CPU.Build.0 = Debug|Any CPU
		{FFD8794B-B8D2-4168-8F53-253F15777B82}.Release|Any CPU.ActiveCfg = Release|Any CPU
		{FFD8794B-B8D2-4168-8F53-253F15777B82}.Release|Any CPU.Build.0 = Release|Any CPU
		{853C8B62-89D7-4A6D-AF0B-49E57C96360D}.Debug|Any CPU.ActiveCfg = Debug|Any CPU
		{853C8B62-89D7-4A6D-AF0B-49E57C96360D}.Debug|Any CPU.Build.0 = Debug|Any CPU
		{853C8B62-89D7-4A6D-AF0B-49E57C96360D}.Release|Any CPU.ActiveCfg = Release|Any CPU
		{853C8B62-89D7-4A6D-AF0B-49E57C96360D}.Release|Any CPU.Build.0 = Release|Any CPU
		{5555BEFD-2FE4-4B66-9D70-37D138897442}.Debug|Any CPU.ActiveCfg = Debug|Any CPU
		{5555BEFD-2FE4-4B66-9D70-37D138897442}.Debug|Any CPU.Build.0 = Debug|Any CPU
		{5555BEFD-2FE4-4B66-9D70-37D138897442}.Release|Any CPU.ActiveCfg = Release|Any CPU
		{5555BEFD-2FE4-4B66-9D70-37D138897442}.Release|Any CPU.Build.0 = Release|Any CPU
		{0023B3C6-58F2-41DA-BF9B-B10E27805E4E}.Debug|Any CPU.ActiveCfg = Debug|Any CPU
		{0023B3C6-58F2-41DA-BF9B-B10E27805E4E}.Debug|Any CPU.Build.0 = Debug|Any CPU
		{0023B3C6-58F2-41DA-BF9B-B10E27805E4E}.Release|Any CPU.ActiveCfg = Release|Any CPU
		{0023B3C6-58F2-41DA-BF9B-B10E27805E4E}.Release|Any CPU.Build.0 = Release|Any CPU
	EndGlobalSection
	GlobalSection(SolutionProperties) = preSolution
		HideSolutionNode = FALSE
	EndGlobalSection
	GlobalSection(ExtensibilityGlobals) = postSolution
		SolutionGuid = {7FF3ED82-8E2B-4183-B749-EA52D70B08B0}
	EndGlobalSection
EndGlobal
