
Microsoft Visual Studio Solution File, Format Version 12.00
# Visual Studio 15
VisualStudioVersion = 15.0.28010.2016
MinimumVisualStudioVersion = 10.0.40219.1
Project("{9A19103F-16F7-4668-BE54-9A1E7A4F7556}") = "Num1to9", "Num1to9\Num1to9.csproj", "{6CCE6AB7-3A42-4A0C-ABDA-BC3BD6B10071}"
EndProject
Project("{9A19103F-16F7-4668-BE54-9A1E7A4F7556}") = "Excellent Result", "Excellent Result\Excellent Result.csproj", "{D66073CF-7E63-459F-BC65-6DC7D11051D1}"
EndProject
Project("{9A19103F-16F7-4668-BE54-9A1E7A4F7556}") = "Even or Odd", "Even or Odd\Even or Odd.csproj", "{EC3987B5-8A13-4FF4-B903-6525955128B4}"
EndProject
Project("{9A19103F-16F7-4668-BE54-9A1E7A4F7556}") = "SumSeconds", "SumSeconds\SumSeconds.csproj", "{3709421D-642A-4ED6-8CC5-FAA0720181BA}"
EndProject
Project("{9A19103F-16F7-4668-BE54-9A1E7A4F7556}") = "BonusScore", "BonusScore\BonusScore.csproj", "{E2111BF1-84E6-4B74-85DF-1BE87D3EB7AD}"
EndProject
Project("{9A19103F-16F7-4668-BE54-9A1E7A4F7556}") = "SpeedInfo", "SpeedInfo\SpeedInfo.csproj", "{7BD7AFD9-5943-460E-AA09-9882D0FF0D07}"
EndProject
Project("{9A19103F-16F7-4668-BE54-9A1E7A4F7556}") = "MetricConverter", "MetricConverter\MetricConverter.csproj", "{5CD560A2-AD29-48D7-9B8D-2E0A834C2FFA}"
EndProject
Project("{9A19103F-16F7-4668-BE54-9A1E7A4F7556}") = "TimePlus15", "TimePlus15\TimePlus15.csproj", "{C3D9FC37-CCAF-4EE4-818F-92F6F920667F}"
EndProject
Project("{9A19103F-16F7-4668-BE54-9A1E7A4F7556}") = "ThreeBrothers", "ThreeBrothers\ThreeBrothers.csproj", "{E5319B4C-DDF8-48EB-97F2-63EF46D07310}"
EndProject
Project("{9A19103F-16F7-4668-BE54-9A1E7A4F7556}") = "Choreography", "Choreography\Choreography.csproj", "{E2E7B808-7CB1-490D-9E98-67E7993E240C}"
EndProject
Project("{9A19103F-16F7-4668-BE54-9A1E7A4F7556}") = "WorldSwimmingRecord", "WorldSwimmingRecord\WorldSwimmingRecord.csproj", "{5315BCC0-43A8-46D0-A5FA-955CA829312E}"
EndProject
Project("{9A19103F-16F7-4668-BE54-9A1E7A4F7556}") = "GreaterNumber", "GreaterNumber\GreaterNumber.csproj", "{2001C8D8-C51B-46C4-AEF1-6F1DFBF05AAC}"
EndProject
Project("{9A19103F-16F7-4668-BE54-9A1E7A4F7556}") = "PasswordGuess", "PasswordGuess\PasswordGuess.csproj", "{858F4C1E-D46D-4702-9B1A-0F4BF8F88456}"
EndProject
Project("{9A19103F-16F7-4668-BE54-9A1E7A4F7556}") = "Number100to200", "Number100to200\Number100to200.csproj", "{19BA7040-1AF4-498D-9745-0C8398868DEC}"
EndProject
Project("{9A19103F-16F7-4668-BE54-9A1E7A4F7556}") = "EqualWords", "EqualWords\EqualWords.csproj", "{223E3BD7-7EC9-4090-B156-4019A2BF2F89}"
EndProject
Project("{9A19103F-16F7-4668-BE54-9A1E7A4F7556}") = "AreaofFigures", "AreaofFigures\AreaofFigures.csproj", "{BF6C9C0F-4D48-4244-B187-C6CD9EF162DB}"
EndProject
Project("{9A19103F-16F7-4668-BE54-9A1E7A4F7556}") = "EqualNumbers", "EqualNumbers\EqualNumbers.csproj", "{3805B598-8AF8-495C-8F91-1E742E1ACC14}"
EndProject
Project("{9A19103F-16F7-4668-BE54-9A1E7A4F7556}") = "ToyShop", "ToyShop\ToyShop.csproj", "{58AAD5B0-39AB-40FB-9C01-C9567360CDC6}"
EndProject
Project("{9A19103F-16F7-4668-BE54-9A1E7A4F7556}") = "Scholarship", "Scolarship\Scholarship.csproj", "{245869D9-E084-425D-BCBB-A43179FB14C4}"
EndProject
Project("{FAE04EC0-301F-11D3-BF4B-00C04F79EFBC}") = "boolsIf", "boolsIf\boolsIf.csproj", "{22588004-8C63-4B7C-9BEF-EBFB61DB34C6}"
EndProject
Global
	GlobalSection(SolutionConfigurationPlatforms) = preSolution
		Debug|Any CPU = Debug|Any CPU
		Release|Any CPU = Release|Any CPU
	EndGlobalSection
	GlobalSection(ProjectConfigurationPlatforms) = postSolution
		{6CCE6AB7-3A42-4A0C-ABDA-BC3BD6B10071}.Debug|Any CPU.ActiveCfg = Debug|Any CPU
		{6CCE6AB7-3A42-4A0C-ABDA-BC3BD6B10071}.Debug|Any CPU.Build.0 = Debug|Any CPU
		{6CCE6AB7-3A42-4A0C-ABDA-BC3BD6B10071}.Release|Any CPU.ActiveCfg = Release|Any CPU
		{6CCE6AB7-3A42-4A0C-ABDA-BC3BD6B10071}.Release|Any CPU.Build.0 = Release|Any CPU
		{D66073CF-7E63-459F-BC65-6DC7D11051D1}.Debug|Any CPU.ActiveCfg = Debug|Any CPU
		{D66073CF-7E63-459F-BC65-6DC7D11051D1}.Debug|Any CPU.Build.0 = Debug|Any CPU
		{D66073CF-7E63-459F-BC65-6DC7D11051D1}.Release|Any CPU.ActiveCfg = Release|Any CPU
		{D66073CF-7E63-459F-BC65-6DC7D11051D1}.Release|Any CPU.Build.0 = Release|Any CPU
		{EC3987B5-8A13-4FF4-B903-6525955128B4}.Debug|Any CPU.ActiveCfg = Debug|Any CPU
		{EC3987B5-8A13-4FF4-B903-6525955128B4}.Debug|Any CPU.Build.0 = Debug|Any CPU
		{EC3987B5-8A13-4FF4-B903-6525955128B4}.Release|Any CPU.ActiveCfg = Release|Any CPU
		{EC3987B5-8A13-4FF4-B903-6525955128B4}.Release|Any CPU.Build.0 = Release|Any CPU
		{3709421D-642A-4ED6-8CC5-FAA0720181BA}.Debug|Any CPU.ActiveCfg = Debug|Any CPU
		{3709421D-642A-4ED6-8CC5-FAA0720181BA}.Debug|Any CPU.Build.0 = Debug|Any CPU
		{3709421D-642A-4ED6-8CC5-FAA0720181BA}.Release|Any CPU.ActiveCfg = Release|Any CPU
		{3709421D-642A-4ED6-8CC5-FAA0720181BA}.Release|Any CPU.Build.0 = Release|Any CPU
		{E2111BF1-84E6-4B74-85DF-1BE87D3EB7AD}.Debug|Any CPU.ActiveCfg = Debug|Any CPU
		{E2111BF1-84E6-4B74-85DF-1BE87D3EB7AD}.Debug|Any CPU.Build.0 = Debug|Any CPU
		{E2111BF1-84E6-4B74-85DF-1BE87D3EB7AD}.Release|Any CPU.ActiveCfg = Release|Any CPU
		{E2111BF1-84E6-4B74-85DF-1BE87D3EB7AD}.Release|Any CPU.Build.0 = Release|Any CPU
		{7BD7AFD9-5943-460E-AA09-9882D0FF0D07}.Debug|Any CPU.ActiveCfg = Debug|Any CPU
		{7BD7AFD9-5943-460E-AA09-9882D0FF0D07}.Debug|Any CPU.Build.0 = Debug|Any CPU
		{7BD7AFD9-5943-460E-AA09-9882D0FF0D07}.Release|Any CPU.ActiveCfg = Release|Any CPU
		{7BD7AFD9-5943-460E-AA09-9882D0FF0D07}.Release|Any CPU.Build.0 = Release|Any CPU
		{5CD560A2-AD29-48D7-9B8D-2E0A834C2FFA}.Debug|Any CPU.ActiveCfg = Debug|Any CPU
		{5CD560A2-AD29-48D7-9B8D-2E0A834C2FFA}.Debug|Any CPU.Build.0 = Debug|Any CPU
		{5CD560A2-AD29-48D7-9B8D-2E0A834C2FFA}.Release|Any CPU.ActiveCfg = Release|Any CPU
		{5CD560A2-AD29-48D7-9B8D-2E0A834C2FFA}.Release|Any CPU.Build.0 = Release|Any CPU
		{C3D9FC37-CCAF-4EE4-818F-92F6F920667F}.Debug|Any CPU.ActiveCfg = Debug|Any CPU
		{C3D9FC37-CCAF-4EE4-818F-92F6F920667F}.Debug|Any CPU.Build.0 = Debug|Any CPU
		{C3D9FC37-CCAF-4EE4-818F-92F6F920667F}.Release|Any CPU.ActiveCfg = Release|Any CPU
		{C3D9FC37-CCAF-4EE4-818F-92F6F920667F}.Release|Any CPU.Build.0 = Release|Any CPU
		{E5319B4C-DDF8-48EB-97F2-63EF46D07310}.Debug|Any CPU.ActiveCfg = Debug|Any CPU
		{E5319B4C-DDF8-48EB-97F2-63EF46D07310}.Debug|Any CPU.Build.0 = Debug|Any CPU
		{E5319B4C-DDF8-48EB-97F2-63EF46D07310}.Release|Any CPU.ActiveCfg = Release|Any CPU
		{E5319B4C-DDF8-48EB-97F2-63EF46D07310}.Release|Any CPU.Build.0 = Release|Any CPU
		{E2E7B808-7CB1-490D-9E98-67E7993E240C}.Debug|Any CPU.ActiveCfg = Debug|Any CPU
		{E2E7B808-7CB1-490D-9E98-67E7993E240C}.Debug|Any CPU.Build.0 = Debug|Any CPU
		{E2E7B808-7CB1-490D-9E98-67E7993E240C}.Release|Any CPU.ActiveCfg = Release|Any CPU
		{E2E7B808-7CB1-490D-9E98-67E7993E240C}.Release|Any CPU.Build.0 = Release|Any CPU
		{5315BCC0-43A8-46D0-A5FA-955CA829312E}.Debug|Any CPU.ActiveCfg = Debug|Any CPU
		{5315BCC0-43A8-46D0-A5FA-955CA829312E}.Debug|Any CPU.Build.0 = Debug|Any CPU
		{5315BCC0-43A8-46D0-A5FA-955CA829312E}.Release|Any CPU.ActiveCfg = Release|Any CPU
		{5315BCC0-43A8-46D0-A5FA-955CA829312E}.Release|Any CPU.Build.0 = Release|Any CPU
		{2001C8D8-C51B-46C4-AEF1-6F1DFBF05AAC}.Debug|Any CPU.ActiveCfg = Debug|Any CPU
		{2001C8D8-C51B-46C4-AEF1-6F1DFBF05AAC}.Debug|Any CPU.Build.0 = Debug|Any CPU
		{2001C8D8-C51B-46C4-AEF1-6F1DFBF05AAC}.Release|Any CPU.ActiveCfg = Release|Any CPU
		{2001C8D8-C51B-46C4-AEF1-6F1DFBF05AAC}.Release|Any CPU.Build.0 = Release|Any CPU
		{858F4C1E-D46D-4702-9B1A-0F4BF8F88456}.Debug|Any CPU.ActiveCfg = Debug|Any CPU
		{858F4C1E-D46D-4702-9B1A-0F4BF8F88456}.Debug|Any CPU.Build.0 = Debug|Any CPU
		{858F4C1E-D46D-4702-9B1A-0F4BF8F88456}.Release|Any CPU.ActiveCfg = Release|Any CPU
		{858F4C1E-D46D-4702-9B1A-0F4BF8F88456}.Release|Any CPU.Build.0 = Release|Any CPU
		{19BA7040-1AF4-498D-9745-0C8398868DEC}.Debug|Any CPU.ActiveCfg = Debug|Any CPU
		{19BA7040-1AF4-498D-9745-0C8398868DEC}.Debug|Any CPU.Build.0 = Debug|Any CPU
		{19BA7040-1AF4-498D-9745-0C8398868DEC}.Release|Any CPU.ActiveCfg = Release|Any CPU
		{19BA7040-1AF4-498D-9745-0C8398868DEC}.Release|Any CPU.Build.0 = Release|Any CPU
		{223E3BD7-7EC9-4090-B156-4019A2BF2F89}.Debug|Any CPU.ActiveCfg = Debug|Any CPU
		{223E3BD7-7EC9-4090-B156-4019A2BF2F89}.Debug|Any CPU.Build.0 = Debug|Any CPU
		{223E3BD7-7EC9-4090-B156-4019A2BF2F89}.Release|Any CPU.ActiveCfg = Release|Any CPU
		{223E3BD7-7EC9-4090-B156-4019A2BF2F89}.Release|Any CPU.Build.0 = Release|Any CPU
		{BF6C9C0F-4D48-4244-B187-C6CD9EF162DB}.Debug|Any CPU.ActiveCfg = Debug|Any CPU
		{BF6C9C0F-4D48-4244-B187-C6CD9EF162DB}.Debug|Any CPU.Build.0 = Debug|Any CPU
		{BF6C9C0F-4D48-4244-B187-C6CD9EF162DB}.Release|Any CPU.ActiveCfg = Release|Any CPU
		{BF6C9C0F-4D48-4244-B187-C6CD9EF162DB}.Release|Any CPU.Build.0 = Release|Any CPU
		{3805B598-8AF8-495C-8F91-1E742E1ACC14}.Debug|Any CPU.ActiveCfg = Debug|Any CPU
		{3805B598-8AF8-495C-8F91-1E742E1ACC14}.Debug|Any CPU.Build.0 = Debug|Any CPU
		{3805B598-8AF8-495C-8F91-1E742E1ACC14}.Release|Any CPU.ActiveCfg = Release|Any CPU
		{3805B598-8AF8-495C-8F91-1E742E1ACC14}.Release|Any CPU.Build.0 = Release|Any CPU
		{58AAD5B0-39AB-40FB-9C01-C9567360CDC6}.Debug|Any CPU.ActiveCfg = Debug|Any CPU
		{58AAD5B0-39AB-40FB-9C01-C9567360CDC6}.Debug|Any CPU.Build.0 = Debug|Any CPU
		{58AAD5B0-39AB-40FB-9C01-C9567360CDC6}.Release|Any CPU.ActiveCfg = Release|Any CPU
		{58AAD5B0-39AB-40FB-9C01-C9567360CDC6}.Release|Any CPU.Build.0 = Release|Any CPU
		{245869D9-E084-425D-BCBB-A43179FB14C4}.Debug|Any CPU.ActiveCfg = Debug|Any CPU
		{245869D9-E084-425D-BCBB-A43179FB14C4}.Debug|Any CPU.Build.0 = Debug|Any CPU
		{245869D9-E084-425D-BCBB-A43179FB14C4}.Release|Any CPU.ActiveCfg = Release|Any CPU
		{245869D9-E084-425D-BCBB-A43179FB14C4}.Release|Any CPU.Build.0 = Release|Any CPU
		{22588004-8C63-4B7C-9BEF-EBFB61DB34C6}.Debug|Any CPU.ActiveCfg = Debug|Any CPU
		{22588004-8C63-4B7C-9BEF-EBFB61DB34C6}.Debug|Any CPU.Build.0 = Debug|Any CPU
		{22588004-8C63-4B7C-9BEF-EBFB61DB34C6}.Release|Any CPU.ActiveCfg = Release|Any CPU
		{22588004-8C63-4B7C-9BEF-EBFB61DB34C6}.Release|Any CPU.Build.0 = Release|Any CPU
	EndGlobalSection
	GlobalSection(SolutionProperties) = preSolution
		HideSolutionNode = FALSE
	EndGlobalSection
	GlobalSection(ExtensibilityGlobals) = postSolution
		SolutionGuid = {AAAE90D8-CB2E-4694-A63F-E912621AF323}
	EndGlobalSection
EndGlobal
