
Microsoft Visual Studio Solution File, Format Version 12.00
# Visual Studio 15
VisualStudioVersion = 15.0.28307.329
MinimumVisualStudioVersion = 10.0.40219.1
Project("{FAE04EC0-301F-11D3-BF4B-00C04F79EFBC}") = "WebApplication1", "WebApplication1\WebApplication1.csproj", "{5FFAFABB-6F6A-48CA-B7CF-A1863BD9682A}"
EndProject
Global
	GlobalSection(SolutionConfigurationPlatforms) = preSolution
		Debug|Any CPU = Debug|Any CPU
		Release|Any CPU = Release|Any CPU
	EndGlobalSection
	GlobalSection(ProjectConfigurationPlatforms) = postSolution
		{5FFAFABB-6F6A-48CA-B7CF-A1863BD9682A}.Debug|Any CPU.ActiveCfg = Debug|Any CPU
		{5FFAFABB-6F6A-48CA-B7CF-A1863BD9682A}.Debug|Any CPU.Build.0 = Debug|Any CPU
		{5FFAFABB-6F6A-48CA-B7CF-A1863BD9682A}.Release|Any CPU.ActiveCfg = Release|Any CPU
		{5FFAFABB-6F6A-48CA-B7CF-A1863BD9682A}.Release|Any CPU.Build.0 = Release|Any CPU
	EndGlobalSection
	GlobalSection(SolutionProperties) = preSolution
		HideSolutionNode = FALSE
	EndGlobalSection
	GlobalSection(ExtensibilityGlobals) = postSolution
		SolutionGuid = {C9728B12-F274-4C97-A700-2FB849FA783D}
	EndGlobalSection
EndGlobal
