
Microsoft Visual Studio Solution File, Format Version 12.00
# Visual Studio Version 16
VisualStudioVersion = 16.0.28803.352
MinimumVisualStudioVersion = 10.0.40219.1
Project("{9A19103F-16F7-4668-BE54-9A1E7A4F7556}") = "CustomStructures", "WorkShopStack\CustomStructures.csproj", "{CC71BBED-2710-4B1B-8DE5-477534E0F683}"
EndProject
Project("{FAE04EC0-301F-11D3-BF4B-00C04F79EFBC}") = "Stack", "Stack\Stack.csproj", "{1D6F5323-34B7-4708-A505-BB417A1E8885}"
EndProject
Global
	GlobalSection(SolutionConfigurationPlatforms) = preSolution
		Debug|Any CPU = Debug|Any CPU
		Release|Any CPU = Release|Any CPU
	EndGlobalSection
	GlobalSection(ProjectConfigurationPlatforms) = postSolution
		{CC71BBED-2710-4B1B-8DE5-477534E0F683}.Debug|Any CPU.ActiveCfg = Debug|Any CPU
		{CC71BBED-2710-4B1B-8DE5-477534E0F683}.Debug|Any CPU.Build.0 = Debug|Any CPU
		{CC71BBED-2710-4B1B-8DE5-477534E0F683}.Release|Any CPU.ActiveCfg = Release|Any CPU
		{CC71BBED-2710-4B1B-8DE5-477534E0F683}.Release|Any CPU.Build.0 = Release|Any CPU
		{1D6F5323-34B7-4708-A505-BB417A1E8885}.Debug|Any CPU.ActiveCfg = Debug|Any CPU
		{1D6F5323-34B7-4708-A505-BB417A1E8885}.Debug|Any CPU.Build.0 = Debug|Any CPU
		{1D6F5323-34B7-4708-A505-BB417A1E8885}.Release|Any CPU.ActiveCfg = Release|Any CPU
		{1D6F5323-34B7-4708-A505-BB417A1E8885}.Release|Any CPU.Build.0 = Release|Any CPU
	EndGlobalSection
	GlobalSection(SolutionProperties) = preSolution
		HideSolutionNode = FALSE
	EndGlobalSection
	GlobalSection(ExtensibilityGlobals) = postSolution
		SolutionGuid = {F1CC3DF3-C482-41D8-835F-9FC21FB62D5F}
	EndGlobalSection
EndGlobal
